lockfileVersion: '9.0'

settings:
  autoInstallPeers: true
  excludeLinksFromLockfile: false

importers:

  .:
    dependencies:
      '@effect/experimental':
        specifier: 0.15.17
        version: 0.15.17(@effect/platform-node@0.48.3(@effect/platform@0.52.2(@effect/schema@0.66.14(effect@3.1.2)(fast-check@3.18.0))(effect@3.1.2)(ws@8.13.0))(effect@3.1.2))(@effect/platform@0.52.2(@effect/schema@0.66.14(effect@3.1.2)(fast-check@3.18.0))(effect@3.1.2)(ws@8.13.0))(@effect/schema@0.66.14(effect@3.1.2)(fast-check@3.18.0))(effect@3.1.2)(ws@8.13.0)
      '@effect/platform-bun':
        specifier: 0.34.3
        version: 0.34.3(@effect/platform@0.52.2(@effect/schema@0.66.14(effect@3.1.2)(fast-check@3.18.0))(effect@3.1.2)(ws@8.13.0))(effect@3.1.2)
      '@effect/platform-node':
        specifier: 0.48.3
        version: 0.48.3(@effect/platform@0.52.2(@effect/schema@0.66.14(effect@3.1.2)(fast-check@3.18.0))(effect@3.1.2)(ws@8.13.0))(effect@3.1.2)
      '@effect/schema':
        specifier: 0.66.14
        version: 0.66.14(effect@3.1.2)(fast-check@3.18.0)
      '@types/node':
        specifier: 20.12.7
        version: 20.12.7
      effect:
        specifier: 3.1.2
        version: 3.1.2
      viem:
        specifier: 2.9.29
        version: 2.9.29(typescript@5.4.5)
    devDependencies:
      dotenv-cli:
        specifier: 7.4.1
        version: 7.4.1
      typescript:
        specifier: 5.4.5
        version: 5.4.5

packages:

  '@adraffy/ens-normalize@1.10.0':
    resolution: {integrity: sha512-nA9XHtlAkYfJxY7bce8DcN7eKxWWCWkU+1GR9d+U6MbNpfwQp8TI7vqOsBsMcHoT4mBu2kypKoSKnghEzOOq5Q==}

  '@effect/experimental@0.15.17':
    resolution: {integrity: sha512-GArFEfiMUksVEafV1wtf+CbtzGISyb1zwmWBfkPK7suBPbWrTdKxMXpudcoiTVSrDyt4dGw2B2Nla61gTW0WMw==}
    peerDependencies:
      '@effect/platform': ^0.52.2
      '@effect/platform-node': ^0.48.3
      '@effect/schema': ^0.66.14
      effect: ^3.1.2
      ioredis: ^5
      lmdb: ^3
      ws: ^8
    peerDependenciesMeta:
      '@effect/platform-node':
        optional: true
      ioredis:
        optional: true
      lmdb:
        optional: true
      ws:
        optional: true

  '@effect/platform-bun@0.34.3':
    resolution: {integrity: sha512-wzn60SSuDtWnCp6PeYk+yugBPC+wOTAATMVj4p4RXACpa6LZhn+C1kyq6YpLK2t/hEjJPHN0mu0vw7CSpLdVCQ==}
    peerDependencies:
      '@effect/platform': ^0.52.2
      effect: ^3.1.2

  '@effect/platform-node-shared@0.4.17':
    resolution: {integrity: sha512-iYUYIDGhEIGd8eUVyG9V2+GfRR/6Xh3TlaLqB6iaLPzkDp4kj+Kj5d1HVv8xAxHJ/p3I58YblBQp4eN7fSfg8Q==}
    peerDependencies:
      '@effect/platform': ^0.52.2
      effect: ^3.1.2

  '@effect/platform-node@0.48.3':
    resolution: {integrity: sha512-bvkbRPhpBeJZ8iJkST+E9O9bWVbIwt3EOu5iCyh79ujF847vLuVURDZlvNUKlVvA5my2lchl13kjUmrAVoumlg==}
    peerDependencies:
      '@effect/platform': ^0.52.2
      effect: ^3.1.2

  '@effect/platform@0.52.2':
    resolution: {integrity: sha512-1XOyE10gJdL5EsV8L29gpDQp1BbbZ3MPJOQD3vy+r02LfPprtGLm+xG2mpaBc60p2QlxpC4ZRXsXiA89LsYu+w==}
    peerDependencies:
      '@effect/schema': ^0.66.14
      effect: ^3.1.2

  '@effect/schema@0.66.14':
    resolution: {integrity: sha512-2Yc6gnXpcMmwQnbU2JUwDl0ckeOJmFZzteXn2jjVWuNi9PGv+jp2yK7jxv0pALcieuYwdR5tKkCRI7STuhEwfg==}
    peerDependencies:
      effect: ^3.1.2
      fast-check: ^3.13.2

  '@msgpackr-extract/msgpackr-extract-darwin-arm64@3.0.2':
    resolution: {integrity: sha512-9bfjwDxIDWmmOKusUcqdS4Rw+SETlp9Dy39Xui9BEGEk19dDwH0jhipwFzEff/pFg95NKymc6TOTbRKcWeRqyQ==}
    cpu: [arm64]
    os: [darwin]

  '@msgpackr-extract/msgpackr-extract-darwin-x64@3.0.2':
    resolution: {integrity: sha512-lwriRAHm1Yg4iDf23Oxm9n/t5Zpw1lVnxYU3HnJPTi2lJRkKTrps1KVgvL6m7WvmhYVt/FIsssWay+k45QHeuw==}
    cpu: [x64]
    os: [darwin]

  '@msgpackr-extract/msgpackr-extract-linux-arm64@3.0.2':
    resolution: {integrity: sha512-FU20Bo66/f7He9Fp9sP2zaJ1Q8L9uLPZQDub/WlUip78JlPeMbVL8546HbZfcW9LNciEXc8d+tThSJjSC+tmsg==}
    cpu: [arm64]
    os: [linux]

  '@msgpackr-extract/msgpackr-extract-linux-arm@3.0.2':
    resolution: {integrity: sha512-MOI9Dlfrpi2Cuc7i5dXdxPbFIgbDBGgKR5F2yWEa6FVEtSWncfVNKW5AKjImAQ6CZlBK9tympdsZJ2xThBiWWA==}
    cpu: [arm]
    os: [linux]

  '@msgpackr-extract/msgpackr-extract-linux-x64@3.0.2':
    resolution: {integrity: sha512-gsWNDCklNy7Ajk0vBBf9jEx04RUxuDQfBse918Ww+Qb9HCPoGzS+XJTLe96iN3BVK7grnLiYghP/M4L8VsaHeA==}
    cpu: [x64]
    os: [linux]

  '@msgpackr-extract/msgpackr-extract-win32-x64@3.0.2':
    resolution: {integrity: sha512-O+6Gs8UeDbyFpbSh2CPEz/UOrrdWPTBYNblZK5CxxLisYt4kGX3Sc+czffFonyjiGSq3jWLwJS/CCJc7tBr4sQ==}
    cpu: [x64]
    os: [win32]

  '@noble/curves@1.2.0':
    resolution: {integrity: sha512-oYclrNgRaM9SsBUBVbb8M6DTV7ZHRTKugureoYEncY5c65HOmRzvSiTE3y5CYaPYJA/GVkrhXEoF0M3Ya9PMnw==}

  '@noble/hashes@1.3.2':
    resolution: {integrity: sha512-MVC8EAQp7MvEcm30KWENFjgR+Mkmf+D189XJTkFIlwohU5hcBbn1ZkKq7KVTi2Hme3PMGF390DaL52beVrIihQ==}
    engines: {node: '>= 16'}

  '@parcel/watcher-android-arm64@2.4.1':
    resolution: {integrity: sha512-LOi/WTbbh3aTn2RYddrO8pnapixAziFl6SMxHM69r3tvdSm94JtCenaKgk1GRg5FJ5wpMCpHeW+7yqPlvZv7kg==}
    engines: {node: '>= 10.0.0'}
    cpu: [arm64]
    os: [android]

  '@parcel/watcher-darwin-arm64@2.4.1':
    resolution: {integrity: sha512-ln41eihm5YXIY043vBrrHfn94SIBlqOWmoROhsMVTSXGh0QahKGy77tfEywQ7v3NywyxBBkGIfrWRHm0hsKtzA==}
    engines: {node: '>= 10.0.0'}
    cpu: [arm64]
    os: [darwin]

  '@parcel/watcher-darwin-x64@2.4.1':
    resolution: {integrity: sha512-yrw81BRLjjtHyDu7J61oPuSoeYWR3lDElcPGJyOvIXmor6DEo7/G2u1o7I38cwlcoBHQFULqF6nesIX3tsEXMg==}
    engines: {node: '>= 10.0.0'}
    cpu: [x64]
    os: [darwin]

  '@parcel/watcher-freebsd-x64@2.4.1':
    resolution: {integrity: sha512-TJa3Pex/gX3CWIx/Co8k+ykNdDCLx+TuZj3f3h7eOjgpdKM+Mnix37RYsYU4LHhiYJz3DK5nFCCra81p6g050w==}
    engines: {node: '>= 10.0.0'}
    cpu: [x64]
    os: [freebsd]

  '@parcel/watcher-linux-arm-glibc@2.4.1':
    resolution: {integrity: sha512-4rVYDlsMEYfa537BRXxJ5UF4ddNwnr2/1O4MHM5PjI9cvV2qymvhwZSFgXqbS8YoTk5i/JR0L0JDs69BUn45YA==}
    engines: {node: '>= 10.0.0'}
    cpu: [arm]
    os: [linux]

  '@parcel/watcher-linux-arm64-glibc@2.4.1':
    resolution: {integrity: sha512-BJ7mH985OADVLpbrzCLgrJ3TOpiZggE9FMblfO65PlOCdG++xJpKUJ0Aol74ZUIYfb8WsRlUdgrZxKkz3zXWYA==}
    engines: {node: '>= 10.0.0'}
    cpu: [arm64]
    os: [linux]

  '@parcel/watcher-linux-arm64-musl@2.4.1':
    resolution: {integrity: sha512-p4Xb7JGq3MLgAfYhslU2SjoV9G0kI0Xry0kuxeG/41UfpjHGOhv7UoUDAz/jb1u2elbhazy4rRBL8PegPJFBhA==}
    engines: {node: '>= 10.0.0'}
    cpu: [arm64]
    os: [linux]

  '@parcel/watcher-linux-x64-glibc@2.4.1':
    resolution: {integrity: sha512-s9O3fByZ/2pyYDPoLM6zt92yu6P4E39a03zvO0qCHOTjxmt3GHRMLuRZEWhWLASTMSrrnVNWdVI/+pUElJBBBg==}
    engines: {node: '>= 10.0.0'}
    cpu: [x64]
    os: [linux]

  '@parcel/watcher-linux-x64-musl@2.4.1':
    resolution: {integrity: sha512-L2nZTYR1myLNST0O632g0Dx9LyMNHrn6TOt76sYxWLdff3cB22/GZX2UPtJnaqQPdCRoszoY5rcOj4oMTtp5fQ==}
    engines: {node: '>= 10.0.0'}
    cpu: [x64]
    os: [linux]

  '@parcel/watcher-win32-arm64@2.4.1':
    resolution: {integrity: sha512-Uq2BPp5GWhrq/lcuItCHoqxjULU1QYEcyjSO5jqqOK8RNFDBQnenMMx4gAl3v8GiWa59E9+uDM7yZ6LxwUIfRg==}
    engines: {node: '>= 10.0.0'}
    cpu: [arm64]
    os: [win32]

  '@parcel/watcher-win32-ia32@2.4.1':
    resolution: {integrity: sha512-maNRit5QQV2kgHFSYwftmPBxiuK5u4DXjbXx7q6eKjq5dsLXZ4FJiVvlcw35QXzk0KrUecJmuVFbj4uV9oYrcw==}
    engines: {node: '>= 10.0.0'}
    cpu: [ia32]
    os: [win32]

  '@parcel/watcher-win32-x64@2.4.1':
    resolution: {integrity: sha512-+DvS92F9ezicfswqrvIRM2njcYJbd5mb9CUgtrHCHmvn7pPPa+nMDRu1o1bYYz/l5IB2NVGNJWiH7h1E58IF2A==}
    engines: {node: '>= 10.0.0'}
    cpu: [x64]
    os: [win32]

  '@parcel/watcher@2.4.1':
    resolution: {integrity: sha512-HNjmfLQEVRZmHRET336f20H/8kOozUGwk7yajvsonjNxbj2wBTK1WsQuHkD5yYh9RxFGL2EyDHryOihOwUoKDA==}
    engines: {node: '>= 10.0.0'}

  '@scure/base@1.1.6':
    resolution: {integrity: sha512-ok9AWwhcgYuGG3Zfhyqg+zwl+Wn5uE+dwC0NV/2qQkx4dABbb/bx96vWu8NSj+BNjjSjno+JRYRjle1jV08k3g==}

  '@scure/bip32@1.3.2':
    resolution: {integrity: sha512-N1ZhksgwD3OBlwTv3R6KFEcPojl/W4ElJOeCZdi+vuI5QmTFwLq3OFf2zd2ROpKvxFdgZ6hUpb0dx9bVNEwYCA==}

  '@scure/bip39@1.2.1':
    resolution: {integrity: sha512-Z3/Fsz1yr904dduJD0NpiyRHhRYHdcnyh73FZWiV+/qhWi83wNJ3NWolYqCEN+ZWsUz2TWwajJggcRE9r1zUYg==}

  '@types/node@20.12.7':
    resolution: {integrity: sha512-wq0cICSkRLVaf3UGLMGItu/PtdY7oaXaI/RVU+xliKVOtRna3PRY57ZDfztpDL0n11vfymMUnXv8QwYCO7L1wg==}

  abitype@1.0.0:
    resolution: {integrity: sha512-NMeMah//6bJ56H5XRj8QCV4AwuW6hB6zqz2LnhhLdcWVQOsXki6/Pn3APeqxCma62nXIcmZWdu1DlHWS74umVQ==}
    peerDependencies:
      typescript: '>=5.0.4'
      zod: ^3 >=3.22.0
    peerDependenciesMeta:
      typescript:
        optional: true
      zod:
        optional: true

  braces@3.0.2:
    resolution: {integrity: sha512-b8um+L1RzM3WDSzvhm6gIz1yfTbBt6YTlcEKAvsmqCZZFw46z626lVj9j1yEPW33H5H+lBQpZMP1k8l+78Ha0A==}
    engines: {node: '>=8'}

  cross-spawn@7.0.3:
    resolution: {integrity: sha512-iRDPJKUPVEND7dHPO8rkbOnPpyDygcDFtWjpeWNCgy8WP2rXcxXL8TskReQl6OrB2G7+UJrags1q15Fudc7G6w==}
    engines: {node: '>= 8'}

  detect-libc@1.0.3:
    resolution: {integrity: sha512-pGjwhsmsp4kL2RTz08wcOlGN83otlqHeD/Z5T8GXZB+/YcpQ/dgo+lbU8ZsGxV0HIvqqxo9l7mqYwyYMD9bKDg==}
    engines: {node: '>=0.10'}
    hasBin: true

  dotenv-cli@7.4.1:
    resolution: {integrity: sha512-fE1aywjRrWGxV3miaiUr3d2zC/VAiuzEGghi+QzgIA9fEf/M5hLMaRSXb4IxbUAwGmaLi0IozdZddnVU96acag==}
    hasBin: true

  dotenv-expand@10.0.0:
    resolution: {integrity: sha512-GopVGCpVS1UKH75VKHGuQFqS1Gusej0z4FyQkPdwjil2gNIv+LNsqBlboOzpJFZKVT95GkCyWJbBSdFEFUWI2A==}
    engines: {node: '>=12'}

  dotenv@16.4.5:
    resolution: {integrity: sha512-ZmdL2rui+eB2YwhsWzjInR8LldtZHGDoQ1ugH85ppHKwpUHL7j7rN0Ti9NCnGiQbhaZ11FpR+7ao1dNsmduNUg==}
    engines: {node: '>=12'}

  effect@3.1.2:
    resolution: {integrity: sha512-XakSWck6w6ROqKyEys0tKE9K6Gx2p8W/09u2ZTEZZrneO5Z3QEdPhXzWTyC73kD5zUvfJinZLVIas8I1xoHaTg==}

  fast-check@3.18.0:
    resolution: {integrity: sha512-/951xaT0kA40w0GXRsZXEwSTE7LugjZtSA/8vPgFkiPQ8wNp8tRvqWuNDHBgLxJYXtsK11e/7Q4ObkKW5BdTFQ==}
    engines: {node: '>=8.0.0'}

  fast-decode-uri-component@1.0.1:
    resolution: {integrity: sha512-WKgKWg5eUxvRZGwW8FvfbaH7AXSh2cL+3j5fMGzUMCxWBJ3dV3a7Wz8y2f/uQ0e3B6WmodD3oS54jTQ9HVTIIg==}

  fast-querystring@1.1.2:
    resolution: {integrity: sha512-g6KuKWmFXc0fID8WWH0jit4g0AGBoJhCkJMb1RmbsSEUNvQ+ZC8D6CUZ+GtF8nMzSPXnhiePyyqqipzNNEnHjg==}

  fill-range@7.0.1:
    resolution: {integrity: sha512-qOo9F+dMUmC2Lcb4BbVvnKJxTPjCm+RRpe4gDuGrzkL7mEVl/djYSu2OdQ2Pa302N4oqkSg9ir6jaLWJ2USVpQ==}
    engines: {node: '>=8'}

  find-my-way-ts@0.1.2:
    resolution: {integrity: sha512-AWsH49RGcyayzzxSAkwQKC1bToY5ForAfNreix88slo7wijg1wwTtCPvUUoVm/qhIY3UVSHBKApw8mOGPxsvSg==}

  is-extglob@2.1.1:
    resolution: {integrity: sha512-SbKbANkN603Vi4jEZv49LeVJMn4yGwsbzZworEoyEiutsN3nJYdbO36zfhGJ6QEDpOZIFkDtnq5JRxmvl3jsoQ==}
    engines: {node: '>=0.10.0'}

  is-glob@4.0.3:
    resolution: {integrity: sha512-xelSayHH36ZgE7ZWhli7pW34hNbNl8Ojv5KVmkJD4hBdD3th8Tfk9vYasLM+mXWOZhFkgZfxhLSnrwRr4elSSg==}
    engines: {node: '>=0.10.0'}

  is-number@7.0.0:
    resolution: {integrity: sha512-41Cifkg6e8TylSpdtTpeLVMqvSBEVzTttHvERD741+pnZ8ANv0004MRL43QKPDlK9cGvNp6NZWZUBlbGXYxxng==}
    engines: {node: '>=0.12.0'}

  isexe@2.0.0:
    resolution: {integrity: sha512-RHxMLp9lnKHGHRng9QFhRCMbYAcVpn69smSGcq3f36xjgVVWThj4qqLbTLlq7Ssj8B+fIQ1EuCEGI2lKsyQeIw==}

  isows@1.0.3:
    resolution: {integrity: sha512-2cKei4vlmg2cxEjm3wVSqn8pcoRF/LX/wpifuuNquFO4SQmPwarClT+SUCA2lt+l581tTeZIPIZuIDo2jWN1fg==}
    peerDependencies:
      ws: '*'

  isows@1.0.4:
    resolution: {integrity: sha512-hEzjY+x9u9hPmBom9IIAqdJCwNLax+xrPb51vEPpERoFlIxgmZcHzsT5jKG06nvInKOBGvReAVz80Umed5CczQ==}
    peerDependencies:
      ws: '*'

  micromatch@4.0.5:
    resolution: {integrity: sha512-DMy+ERcEW2q8Z2Po+WNXuw3c5YaUSFjAO5GsJqfEl7UjvtIuFKO6ZrKvcItdy98dwFI2N1tg3zNIdKaQT+aNdA==}
    engines: {node: '>=8.6'}

  mime@3.0.0:
    resolution: {integrity: sha512-jSCU7/VB1loIWBZe14aEYHU/+1UMEHoaO7qxCOVJOw9GgH72VAWppxNcjU+x9a2k3GSIBXNKxXQFqRvvZ7vr3A==}
    engines: {node: '>=10.0.0'}
    hasBin: true

  minimist@1.2.8:
    resolution: {integrity: sha512-2yyAR8qBkN3YuheJanUpWC5U3bb5osDywNB8RzDVlDwDHbocAJveqqj1u8+SVD7jkWT4yvsHCpWqqWqAxb0zCA==}

  msgpackr-extract@3.0.2:
    resolution: {integrity: sha512-SdzXp4kD/Qf8agZ9+iTu6eql0m3kWm1A2y1hkpTeVNENutaB0BwHlSvAIaMxwntmRUAUjon2V4L8Z/njd0Ct8A==}
    hasBin: true

  msgpackr@1.10.1:
    resolution: {integrity: sha512-r5VRLv9qouXuLiIBrLpl2d5ZvPt8svdQTl5/vMvE4nzDMyEX4sgW5yWhuBBj5UmgwOTWj8CIdSXn5sAfsHAWIQ==}

  multipasta@0.2.1:
    resolution: {integrity: sha512-0NR15o5iewJFMsZ4jN6cztCd4izTLZPyHUfBrakbg/x70B8zplPE6qumbs+A7LmhGtQMzpN/K8MOOdifMgAKFA==}

  node-addon-api@7.1.0:
    resolution: {integrity: sha512-mNcltoe1R8o7STTegSOHdnJNN7s5EUvhoS7ShnTHDyOSd+8H+UdWODq6qSv67PjC8Zc5JRT8+oLAMCr0SIXw7g==}
    engines: {node: ^16 || ^18 || >= 20}

  node-gyp-build-optional-packages@5.0.7:
    resolution: {integrity: sha512-YlCCc6Wffkx0kHkmam79GKvDQ6x+QZkMjFGrIMxgFNILFvGSbCp2fCBC55pGTT9gVaz8Na5CLmxt/urtzRv36w==}
    hasBin: true

  path-browserify@1.0.1:
    resolution: {integrity: sha512-b7uo2UCUOYZcnF/3ID0lulOJi/bafxa1xPe7ZPsammBSpjSWQkjNxlt635YGS2MiR9GjvuXCtz2emr3jbsz98g==}

  path-key@3.1.1:
    resolution: {integrity: sha512-ojmeN0qd+y0jszEtoY48r0Peq5dwMEkIlCOu6Q5f41lfkswXuKtYrhgoTpLnyIcHm24Uhqx+5Tqm2InSwLhE6Q==}
    engines: {node: '>=8'}

  picomatch@2.3.1:
    resolution: {integrity: sha512-JU3teHTNjmE2VCGFzuY8EXzCDVwEqB2a8fsIvwaStHhAWJEeVd1o1QD80CU6+ZdEXXSLbSsuLwJjkCBWqRQUVA==}
    engines: {node: '>=8.6'}

  pure-rand@6.1.0:
    resolution: {integrity: sha512-bVWawvoZoBYpp6yIoQtQXHZjmz35RSVHnUOTefl8Vcjr8snTPY1wnpSPMWekcFwbxI6gtmT7rSYPFvz71ldiOA==}

  shebang-command@2.0.0:
    resolution: {integrity: sha512-kHxr2zZpYtdmrN1qDjrrX/Z1rR1kG8Dx+gkpK1G4eXmvXswmcE1hTWBWYUzlraYw1/yZp6YuDY77YtvbN0dmDA==}
    engines: {node: '>=8'}

  shebang-regex@3.0.0:
    resolution: {integrity: sha512-7++dFhtcx3353uBaq8DDR4NuxBetBzC7ZQOhmTQInHEd6bSrXdiEyzCvG07Z44UYdLShWUyXt5M/yhz8ekcb1A==}
    engines: {node: '>=8'}

  to-regex-range@5.0.1:
    resolution: {integrity: sha512-65P7iz6X5yEr1cwcgvQxbbIw7Uk3gOy5dIdtZ4rDveLqhrdJP+Li/Hx6tyK0NEb+2GCyneCMJiGqrADCSNk8sQ==}
    engines: {node: '>=8.0'}

  typescript@5.4.5:
    resolution: {integrity: sha512-vcI4UpRgg81oIRUFwR0WSIHKt11nJ7SAVlYNIu+QpqeyXP+gpQJy/Z4+F0aGxSE4MqwjyXvW/TzgkLAx2AGHwQ==}
    engines: {node: '>=14.17'}
    hasBin: true

  undici-types@5.26.5:
    resolution: {integrity: sha512-JlCMO+ehdEIKqlFxk6IfVoAUVmgz7cU7zD/h9XZ0qzeosSHmUJVOzSQvvYSYWXkFXC+IfLKSIffhv0sVZup6pA==}

  undici@6.15.0:
    resolution: {integrity: sha512-VviMt2tlMg1BvQ0FKXxrz1eJuyrcISrL2sPfBf7ZskX/FCEc/7LeThQaoygsMJpNqrATWQIsRVx+1Dpe4jaYuQ==}
    engines: {node: '>=18.17'}

  viem@2.9.29:
    resolution: {integrity: sha512-LWvDSyB2tftKuSMAyZTXk3pDYj3c0aaOdr2JbDZEsPJw5zVbqg3FpoPHnUkHai8KcZI8aPWRKV31TYV1cBse9A==}
    peerDependencies:
      typescript: '>=5.0.4'
    peerDependenciesMeta:
      typescript:
        optional: true

  which@2.0.2:
    resolution: {integrity: sha512-BLI3Tl1TW3Pvl70l3yq3Y64i+awpwXqsGBYWkkqMtnbXgrMD+yj7rhW0kuEDxzJaYXGjEW5ogapKNMEKNMjibA==}
    engines: {node: '>= 8'}
    hasBin: true

  ws@8.13.0:
    resolution: {integrity: sha512-x9vcZYTrFPC7aSIbj7sRCYo7L/Xb8Iy+pW0ng0wt2vCJv7M9HOMy0UoN3rr+IFC7hb7vXoqS+P9ktyLLLhO+LA==}
    engines: {node: '>=10.0.0'}
    peerDependencies:
      bufferutil: ^4.0.1
      utf-8-validate: '>=5.0.2'
    peerDependenciesMeta:
      bufferutil:
        optional: true
      utf-8-validate:
        optional: true

  ws@8.17.0:
    resolution: {integrity: sha512-uJq6108EgZMAl20KagGkzCKfMEjxmKvZHG7Tlq0Z6nOky7YF7aq4mOx6xK8TJ/i1LeK4Qus7INktacctDgY8Ow==}
    engines: {node: '>=10.0.0'}
    peerDependencies:
      bufferutil: ^4.0.1
      utf-8-validate: '>=5.0.2'
    peerDependenciesMeta:
      bufferutil:
        optional: true
      utf-8-validate:
        optional: true

snapshots:

  '@adraffy/ens-normalize@1.10.0': {}

  '@effect/experimental@0.15.17(@effect/platform-node@0.48.3(@effect/platform@0.52.2(@effect/schema@0.66.14(effect@3.1.2)(fast-check@3.18.0))(effect@3.1.2)(ws@8.13.0))(effect@3.1.2))(@effect/platform@0.52.2(@effect/schema@0.66.14(effect@3.1.2)(fast-check@3.18.0))(effect@3.1.2)(ws@8.13.0))(@effect/schema@0.66.14(effect@3.1.2)(fast-check@3.18.0))(effect@3.1.2)(ws@8.13.0)':
    dependencies:
      '@effect/platform': 0.52.2(@effect/schema@0.66.14(effect@3.1.2)(fast-check@3.18.0))(effect@3.1.2)(ws@8.13.0)
      '@effect/schema': 0.66.14(effect@3.1.2)(fast-check@3.18.0)
      effect: 3.1.2
      msgpackr: 1.10.1
    optionalDependencies:
      '@effect/platform-node': 0.48.3(@effect/platform@0.52.2(@effect/schema@0.66.14(effect@3.1.2)(fast-check@3.18.0))(effect@3.1.2)(ws@8.13.0))(effect@3.1.2)
      ws: 8.13.0

  '@effect/platform-bun@0.34.3(@effect/platform@0.52.2(@effect/schema@0.66.14(effect@3.1.2)(fast-check@3.18.0))(effect@3.1.2)(ws@8.13.0))(effect@3.1.2)':
    dependencies:
      '@effect/platform': 0.52.2(@effect/schema@0.66.14(effect@3.1.2)(fast-check@3.18.0))(effect@3.1.2)(ws@8.13.0)
      '@effect/platform-node-shared': 0.4.17(@effect/platform@0.52.2(@effect/schema@0.66.14(effect@3.1.2)(fast-check@3.18.0))(effect@3.1.2)(ws@8.13.0))(effect@3.1.2)
      effect: 3.1.2

  '@effect/platform-node-shared@0.4.17(@effect/platform@0.52.2(@effect/schema@0.66.14(effect@3.1.2)(fast-check@3.18.0))(effect@3.1.2)(ws@8.13.0))(effect@3.1.2)':
    dependencies:
      '@effect/platform': 0.52.2(@effect/schema@0.66.14(effect@3.1.2)(fast-check@3.18.0))(effect@3.1.2)(ws@8.13.0)
      '@parcel/watcher': 2.4.1
      effect: 3.1.2
      multipasta: 0.2.1

  '@effect/platform-node@0.48.3(@effect/platform@0.52.2(@effect/schema@0.66.14(effect@3.1.2)(fast-check@3.18.0))(effect@3.1.2)(ws@8.13.0))(effect@3.1.2)':
    dependencies:
      '@effect/platform': 0.52.2(@effect/schema@0.66.14(effect@3.1.2)(fast-check@3.18.0))(effect@3.1.2)(ws@8.13.0)
      '@effect/platform-node-shared': 0.4.17(@effect/platform@0.52.2(@effect/schema@0.66.14(effect@3.1.2)(fast-check@3.18.0))(effect@3.1.2)(ws@8.13.0))(effect@3.1.2)
      effect: 3.1.2
      mime: 3.0.0
      undici: 6.15.0
      ws: 8.17.0
    transitivePeerDependencies:
      - bufferutil
      - utf-8-validate

  '@effect/platform@0.52.2(@effect/schema@0.66.14(effect@3.1.2)(fast-check@3.18.0))(effect@3.1.2)(ws@8.13.0)':
    dependencies:
      '@effect/schema': 0.66.14(effect@3.1.2)(fast-check@3.18.0)
      effect: 3.1.2
      find-my-way-ts: 0.1.2
      isows: 1.0.4(ws@8.13.0)
      multipasta: 0.2.1
      path-browserify: 1.0.1
    transitivePeerDependencies:
      - ws

  '@effect/schema@0.66.14(effect@3.1.2)(fast-check@3.18.0)':
    dependencies:
      effect: 3.1.2
      fast-check: 3.18.0

  '@msgpackr-extract/msgpackr-extract-darwin-arm64@3.0.2':
    optional: true

  '@msgpackr-extract/msgpackr-extract-darwin-x64@3.0.2':
    optional: true

  '@msgpackr-extract/msgpackr-extract-linux-arm64@3.0.2':
    optional: true

  '@msgpackr-extract/msgpackr-extract-linux-arm@3.0.2':
    optional: true

  '@msgpackr-extract/msgpackr-extract-linux-x64@3.0.2':
    optional: true

  '@msgpackr-extract/msgpackr-extract-win32-x64@3.0.2':
    optional: true

  '@noble/curves@1.2.0':
    dependencies:
      '@noble/hashes': 1.3.2

  '@noble/hashes@1.3.2': {}

  '@parcel/watcher-android-arm64@2.4.1':
    optional: true

  '@parcel/watcher-darwin-arm64@2.4.1':
    optional: true

  '@parcel/watcher-darwin-x64@2.4.1':
    optional: true

  '@parcel/watcher-freebsd-x64@2.4.1':
    optional: true

  '@parcel/watcher-linux-arm-glibc@2.4.1':
    optional: true

  '@parcel/watcher-linux-arm64-glibc@2.4.1':
    optional: true

  '@parcel/watcher-linux-arm64-musl@2.4.1':
    optional: true

  '@parcel/watcher-linux-x64-glibc@2.4.1':
    optional: true

  '@parcel/watcher-linux-x64-musl@2.4.1':
    optional: true

  '@parcel/watcher-win32-arm64@2.4.1':
    optional: true

  '@parcel/watcher-win32-ia32@2.4.1':
    optional: true

  '@parcel/watcher-win32-x64@2.4.1':
    optional: true

  '@parcel/watcher@2.4.1':
    dependencies:
      detect-libc: 1.0.3
      is-glob: 4.0.3
      micromatch: 4.0.5
      node-addon-api: 7.1.0
    optionalDependencies:
      '@parcel/watcher-android-arm64': 2.4.1
      '@parcel/watcher-darwin-arm64': 2.4.1
      '@parcel/watcher-darwin-x64': 2.4.1
      '@parcel/watcher-freebsd-x64': 2.4.1
      '@parcel/watcher-linux-arm-glibc': 2.4.1
      '@parcel/watcher-linux-arm64-glibc': 2.4.1
      '@parcel/watcher-linux-arm64-musl': 2.4.1
      '@parcel/watcher-linux-x64-glibc': 2.4.1
      '@parcel/watcher-linux-x64-musl': 2.4.1
      '@parcel/watcher-win32-arm64': 2.4.1
      '@parcel/watcher-win32-ia32': 2.4.1
      '@parcel/watcher-win32-x64': 2.4.1

  '@scure/base@1.1.6': {}

  '@scure/bip32@1.3.2':
    dependencies:
      '@noble/curves': 1.2.0
      '@noble/hashes': 1.3.2
      '@scure/base': 1.1.6

  '@scure/bip39@1.2.1':
    dependencies:
      '@noble/hashes': 1.3.2
      '@scure/base': 1.1.6

  '@types/node@20.12.7':
    dependencies:
      undici-types: 5.26.5

  abitype@1.0.0(typescript@5.4.5):
    optionalDependencies:
      typescript: 5.4.5

  braces@3.0.2:
    dependencies:
      fill-range: 7.0.1

  cross-spawn@7.0.3:
    dependencies:
      path-key: 3.1.1
      shebang-command: 2.0.0
      which: 2.0.2

  detect-libc@1.0.3: {}

  dotenv-cli@7.4.1:
    dependencies:
      cross-spawn: 7.0.3
      dotenv: 16.4.5
      dotenv-expand: 10.0.0
      minimist: 1.2.8

  dotenv-expand@10.0.0: {}

  dotenv@16.4.5: {}

  effect@3.1.2: {}

  fast-check@3.18.0:
    dependencies:
      pure-rand: 6.1.0

  fast-decode-uri-component@1.0.1: {}

  fast-querystring@1.1.2:
    dependencies:
      fast-decode-uri-component: 1.0.1

  fill-range@7.0.1:
    dependencies:
      to-regex-range: 5.0.1

  find-my-way-ts@0.1.2:
    dependencies:
      fast-querystring: 1.1.2

  is-extglob@2.1.1: {}

  is-glob@4.0.3:
    dependencies:
      is-extglob: 2.1.1

  is-number@7.0.0: {}

  isexe@2.0.0: {}

  isows@1.0.3(ws@8.13.0):
    dependencies:
      ws: 8.13.0

  isows@1.0.4(ws@8.13.0):
    dependencies:
      ws: 8.13.0

  micromatch@4.0.5:
    dependencies:
      braces: 3.0.2
      picomatch: 2.3.1

  mime@3.0.0: {}

  minimist@1.2.8: {}

  msgpackr-extract@3.0.2:
    dependencies:
      node-gyp-build-optional-packages: 5.0.7
    optionalDependencies:
      '@msgpackr-extract/msgpackr-extract-darwin-arm64': 3.0.2
      '@msgpackr-extract/msgpackr-extract-darwin-x64': 3.0.2
      '@msgpackr-extract/msgpackr-extract-linux-arm': 3.0.2
      '@msgpackr-extract/msgpackr-extract-linux-arm64': 3.0.2
      '@msgpackr-extract/msgpackr-extract-linux-x64': 3.0.2
      '@msgpackr-extract/msgpackr-extract-win32-x64': 3.0.2
    optional: true

  msgpackr@1.10.1:
    optionalDependencies:
      msgpackr-extract: 3.0.2

  multipasta@0.2.1: {}

  node-addon-api@7.1.0: {}

  node-gyp-build-optional-packages@5.0.7:
    optional: true

  path-browserify@1.0.1: {}

  path-key@3.1.1: {}

  picomatch@2.3.1: {}

  pure-rand@6.1.0: {}

  shebang-command@2.0.0:
    dependencies:
      shebang-regex: 3.0.0

  shebang-regex@3.0.0: {}

  to-regex-range@5.0.1:
    dependencies:
      is-number: 7.0.0

  typescript@5.4.5: {}

  undici-types@5.26.5: {}

  undici@6.15.0: {}

  viem@2.9.29(typescript@5.4.5):
    dependencies:
      '@adraffy/ens-normalize': 1.10.0
      '@noble/curves': 1.2.0
      '@noble/hashes': 1.3.2
      '@scure/bip32': 1.3.2
      '@scure/bip39': 1.2.1
      abitype: 1.0.0(typescript@5.4.5)
      isows: 1.0.3(ws@8.13.0)
      ws: 8.13.0
    optionalDependencies:
      typescript: 5.4.5
    transitivePeerDependencies:
      - bufferutil
      - utf-8-validate
      - zod

  which@2.0.2:
    dependencies:
      isexe: 2.0.0

  ws@8.13.0: {}

  ws@8.17.0: {}
