lockfileVersion: '6.0'

settings:
  autoInstallPeers: true
  excludeLinksFromLockfile: false

dependencies:
  '@effect/platform-node':
    specifier: 0.48.2
    version: 0.48.2(@effect/platform@0.52.1)(effect@3.1.1)
  '@effect/schema':
    specifier: 0.66.13
    version: 0.66.13(effect@3.1.1)(fast-check@3.18.0)
  '@types/node':
    specifier: 20.12.7
    version: 20.12.7
  effect:
    specifier: 3.1.1
    version: 3.1.1
  viem:
    specifier: 2.9.29
    version: 2.9.29(typescript@5.4.5)

devDependencies:
  dotenv-cli:
    specifier: 7.4.1
    version: 7.4.1
  typescript:
    specifier: 5.4.5
    version: 5.4.5

packages:

  /@adraffy/ens-normalize@1.10.0:
    resolution: {integrity: sha512-nA9XHtlAkYfJxY7bce8DcN7eKxWWCWkU+1GR9d+U6MbNpfwQp8TI7vqOsBsMcHoT4mBu2kypKoSKnghEzOOq5Q==}
    dev: false

  /@effect/platform-node-shared@0.4.16(@effect/platform@0.52.1)(effect@3.1.1):
    resolution: {integrity: sha512-F9tyKUzeLOj3KECIxK0wOfpcSBMRirlvgXlyt5yc5PUxGrMHNjiJChjoNSo+Fby3MiGOvUMZSL1aqYi4pK3goQ==}
    peerDependencies:
      '@effect/platform': ^0.52.1
      effect: ^3.1.1
    dependencies:
      '@effect/platform': 0.52.1(@effect/schema@0.66.13)(effect@3.1.1)(ws@8.13.0)
      '@parcel/watcher': 2.4.1
      effect: 3.1.1
      multipasta: 0.2.1
    dev: false

  /@effect/platform-node@0.48.2(@effect/platform@0.52.1)(effect@3.1.1):
    resolution: {integrity: sha512-rizkeN4mT5G6O69K/dT6Klb2wiB3aC8qQ9tb4vqCW91o5S64KQpLS0A8Zh9CXp7j4fM1gNilY8waC0UYk78SEQ==}
    peerDependencies:
      '@effect/platform': ^0.52.1
      effect: ^3.1.1
    dependencies:
      '@effect/platform': 0.52.1(@effect/schema@0.66.13)(effect@3.1.1)(ws@8.13.0)
      '@effect/platform-node-shared': 0.4.16(@effect/platform@0.52.1)(effect@3.1.1)
      effect: 3.1.1
      mime: 3.0.0
      undici: 6.15.0
      ws: 8.17.0
    transitivePeerDependencies:
      - bufferutil
      - utf-8-validate
    dev: false

  /@effect/platform@0.52.1(@effect/schema@0.66.13)(effect@3.1.1)(ws@8.13.0):
    resolution: {integrity: sha512-zC/KxHeS1IDnzPUeVnpMlIi8gFObp4yWoipZ8VccT7VX1Q8tkRjPzQFff/r4P5FWekB34lJmhokwQQng1zN9Eg==}
    peerDependencies:
      '@effect/schema': ^0.66.13
      effect: ^3.1.1
    dependencies:
      '@effect/schema': 0.66.13(effect@3.1.1)(fast-check@3.18.0)
      effect: 3.1.1
      find-my-way-ts: 0.1.2
      isows: 1.0.4(ws@8.13.0)
      multipasta: 0.2.1
      path-browserify: 1.0.1
    transitivePeerDependencies:
      - ws
    dev: false

  /@effect/schema@0.66.13(effect@3.1.1)(fast-check@3.18.0):
    resolution: {integrity: sha512-v7Xkcldn/kuuG2z6VScxd7B3uC3ZguaIy/giYr/HjhiU1edo2HL531g5f0HKGiJNFm2peY/OZPYBE10/E3JX3g==}
    peerDependencies:
      effect: ^3.1.1
      fast-check: ^3.13.2
    dependencies:
      effect: 3.1.1
      fast-check: 3.18.0
    dev: false

  /@noble/curves@1.2.0:
    resolution: {integrity: sha512-oYclrNgRaM9SsBUBVbb8M6DTV7ZHRTKugureoYEncY5c65HOmRzvSiTE3y5CYaPYJA/GVkrhXEoF0M3Ya9PMnw==}
    dependencies:
      '@noble/hashes': 1.3.2
    dev: false

  /@noble/hashes@1.3.2:
    resolution: {integrity: sha512-MVC8EAQp7MvEcm30KWENFjgR+Mkmf+D189XJTkFIlwohU5hcBbn1ZkKq7KVTi2Hme3PMGF390DaL52beVrIihQ==}
    engines: {node: '>= 16'}
    dev: false

  /@parcel/watcher-android-arm64@2.4.1:
    resolution: {integrity: sha512-LOi/WTbbh3aTn2RYddrO8pnapixAziFl6SMxHM69r3tvdSm94JtCenaKgk1GRg5FJ5wpMCpHeW+7yqPlvZv7kg==}
    engines: {node: '>= 10.0.0'}
    cpu: [arm64]
    os: [android]
    requiresBuild: true
    dev: false
    optional: true

  /@parcel/watcher-darwin-arm64@2.4.1:
    resolution: {integrity: sha512-ln41eihm5YXIY043vBrrHfn94SIBlqOWmoROhsMVTSXGh0QahKGy77tfEywQ7v3NywyxBBkGIfrWRHm0hsKtzA==}
    engines: {node: '>= 10.0.0'}
    cpu: [arm64]
    os: [darwin]
    requiresBuild: true
    dev: false
    optional: true

  /@parcel/watcher-darwin-x64@2.4.1:
    resolution: {integrity: sha512-yrw81BRLjjtHyDu7J61oPuSoeYWR3lDElcPGJyOvIXmor6DEo7/G2u1o7I38cwlcoBHQFULqF6nesIX3tsEXMg==}
    engines: {node: '>= 10.0.0'}
    cpu: [x64]
    os: [darwin]
    requiresBuild: true
    dev: false
    optional: true

  /@parcel/watcher-freebsd-x64@2.4.1:
    resolution: {integrity: sha512-TJa3Pex/gX3CWIx/Co8k+ykNdDCLx+TuZj3f3h7eOjgpdKM+Mnix37RYsYU4LHhiYJz3DK5nFCCra81p6g050w==}
    engines: {node: '>= 10.0.0'}
    cpu: [x64]
    os: [freebsd]
    requiresBuild: true
    dev: false
    optional: true

  /@parcel/watcher-linux-arm-glibc@2.4.1:
    resolution: {integrity: sha512-4rVYDlsMEYfa537BRXxJ5UF4ddNwnr2/1O4MHM5PjI9cvV2qymvhwZSFgXqbS8YoTk5i/JR0L0JDs69BUn45YA==}
    engines: {node: '>= 10.0.0'}
    cpu: [arm]
    os: [linux]
    requiresBuild: true
    dev: false
    optional: true

  /@parcel/watcher-linux-arm64-glibc@2.4.1:
    resolution: {integrity: sha512-BJ7mH985OADVLpbrzCLgrJ3TOpiZggE9FMblfO65PlOCdG++xJpKUJ0Aol74ZUIYfb8WsRlUdgrZxKkz3zXWYA==}
    engines: {node: '>= 10.0.0'}
    cpu: [arm64]
    os: [linux]
    requiresBuild: true
    dev: false
    optional: true

  /@parcel/watcher-linux-arm64-musl@2.4.1:
    resolution: {integrity: sha512-p4Xb7JGq3MLgAfYhslU2SjoV9G0kI0Xry0kuxeG/41UfpjHGOhv7UoUDAz/jb1u2elbhazy4rRBL8PegPJFBhA==}
    engines: {node: '>= 10.0.0'}
    cpu: [arm64]
    os: [linux]
    requiresBuild: true
    dev: false
    optional: true

  /@parcel/watcher-linux-x64-glibc@2.4.1:
    resolution: {integrity: sha512-s9O3fByZ/2pyYDPoLM6zt92yu6P4E39a03zvO0qCHOTjxmt3GHRMLuRZEWhWLASTMSrrnVNWdVI/+pUElJBBBg==}
    engines: {node: '>= 10.0.0'}
    cpu: [x64]
    os: [linux]
    requiresBuild: true
    dev: false
    optional: true

  /@parcel/watcher-linux-x64-musl@2.4.1:
    resolution: {integrity: sha512-L2nZTYR1myLNST0O632g0Dx9LyMNHrn6TOt76sYxWLdff3cB22/GZX2UPtJnaqQPdCRoszoY5rcOj4oMTtp5fQ==}
    engines: {node: '>= 10.0.0'}
    cpu: [x64]
    os: [linux]
    requiresBuild: true
    dev: false
    optional: true

  /@parcel/watcher-win32-arm64@2.4.1:
    resolution: {integrity: sha512-Uq2BPp5GWhrq/lcuItCHoqxjULU1QYEcyjSO5jqqOK8RNFDBQnenMMx4gAl3v8GiWa59E9+uDM7yZ6LxwUIfRg==}
    engines: {node: '>= 10.0.0'}
    cpu: [arm64]
    os: [win32]
    requiresBuild: true
    dev: false
    optional: true

  /@parcel/watcher-win32-ia32@2.4.1:
    resolution: {integrity: sha512-maNRit5QQV2kgHFSYwftmPBxiuK5u4DXjbXx7q6eKjq5dsLXZ4FJiVvlcw35QXzk0KrUecJmuVFbj4uV9oYrcw==}
    engines: {node: '>= 10.0.0'}
    cpu: [ia32]
    os: [win32]
    requiresBuild: true
    dev: false
    optional: true

  /@parcel/watcher-win32-x64@2.4.1:
    resolution: {integrity: sha512-+DvS92F9ezicfswqrvIRM2njcYJbd5mb9CUgtrHCHmvn7pPPa+nMDRu1o1bYYz/l5IB2NVGNJWiH7h1E58IF2A==}
    engines: {node: '>= 10.0.0'}
    cpu: [x64]
    os: [win32]
    requiresBuild: true
    dev: false
    optional: true

  /@parcel/watcher@2.4.1:
    resolution: {integrity: sha512-HNjmfLQEVRZmHRET336f20H/8kOozUGwk7yajvsonjNxbj2wBTK1WsQuHkD5yYh9RxFGL2EyDHryOihOwUoKDA==}
    engines: {node: '>= 10.0.0'}
    dependencies:
      detect-libc: 1.0.3
      is-glob: 4.0.3
      micromatch: 4.0.5
      node-addon-api: 7.1.0
    optionalDependencies:
      '@parcel/watcher-android-arm64': 2.4.1
      '@parcel/watcher-darwin-arm64': 2.4.1
      '@parcel/watcher-darwin-x64': 2.4.1
      '@parcel/watcher-freebsd-x64': 2.4.1
      '@parcel/watcher-linux-arm-glibc': 2.4.1
      '@parcel/watcher-linux-arm64-glibc': 2.4.1
      '@parcel/watcher-linux-arm64-musl': 2.4.1
      '@parcel/watcher-linux-x64-glibc': 2.4.1
      '@parcel/watcher-linux-x64-musl': 2.4.1
      '@parcel/watcher-win32-arm64': 2.4.1
      '@parcel/watcher-win32-ia32': 2.4.1
      '@parcel/watcher-win32-x64': 2.4.1
    dev: false

  /@scure/base@1.1.6:
    resolution: {integrity: sha512-ok9AWwhcgYuGG3Zfhyqg+zwl+Wn5uE+dwC0NV/2qQkx4dABbb/bx96vWu8NSj+BNjjSjno+JRYRjle1jV08k3g==}
    dev: false

  /@scure/bip32@1.3.2:
    resolution: {integrity: sha512-N1ZhksgwD3OBlwTv3R6KFEcPojl/W4ElJOeCZdi+vuI5QmTFwLq3OFf2zd2ROpKvxFdgZ6hUpb0dx9bVNEwYCA==}
    dependencies:
      '@noble/curves': 1.2.0
      '@noble/hashes': 1.3.2
      '@scure/base': 1.1.6
    dev: false

  /@scure/bip39@1.2.1:
    resolution: {integrity: sha512-Z3/Fsz1yr904dduJD0NpiyRHhRYHdcnyh73FZWiV+/qhWi83wNJ3NWolYqCEN+ZWsUz2TWwajJggcRE9r1zUYg==}
    dependencies:
      '@noble/hashes': 1.3.2
      '@scure/base': 1.1.6
    dev: false

  /@types/node@20.12.7:
    resolution: {integrity: sha512-wq0cICSkRLVaf3UGLMGItu/PtdY7oaXaI/RVU+xliKVOtRna3PRY57ZDfztpDL0n11vfymMUnXv8QwYCO7L1wg==}
    dependencies:
      undici-types: 5.26.5
    dev: false

  /abitype@1.0.0(typescript@5.4.5):
    resolution: {integrity: sha512-NMeMah//6bJ56H5XRj8QCV4AwuW6hB6zqz2LnhhLdcWVQOsXki6/Pn3APeqxCma62nXIcmZWdu1DlHWS74umVQ==}
    peerDependencies:
      typescript: '>=5.0.4'
      zod: ^3 >=3.22.0
    peerDependenciesMeta:
      typescript:
        optional: true
      zod:
        optional: true
    dependencies:
      typescript: 5.4.5
    dev: false

  /braces@3.0.2:
    resolution: {integrity: sha512-b8um+L1RzM3WDSzvhm6gIz1yfTbBt6YTlcEKAvsmqCZZFw46z626lVj9j1yEPW33H5H+lBQpZMP1k8l+78Ha0A==}
    engines: {node: '>=8'}
    dependencies:
      fill-range: 7.0.1
    dev: false

  /cross-spawn@7.0.3:
    resolution: {integrity: sha512-iRDPJKUPVEND7dHPO8rkbOnPpyDygcDFtWjpeWNCgy8WP2rXcxXL8TskReQl6OrB2G7+UJrags1q15Fudc7G6w==}
    engines: {node: '>= 8'}
    dependencies:
      path-key: 3.1.1
      shebang-command: 2.0.0
      which: 2.0.2
    dev: true

  /detect-libc@1.0.3:
    resolution: {integrity: sha512-pGjwhsmsp4kL2RTz08wcOlGN83otlqHeD/Z5T8GXZB+/YcpQ/dgo+lbU8ZsGxV0HIvqqxo9l7mqYwyYMD9bKDg==}
    engines: {node: '>=0.10'}
    hasBin: true
    dev: false

  /dotenv-cli@7.4.1:
    resolution: {integrity: sha512-fE1aywjRrWGxV3miaiUr3d2zC/VAiuzEGghi+QzgIA9fEf/M5hLMaRSXb4IxbUAwGmaLi0IozdZddnVU96acag==}
    hasBin: true
    dependencies:
      cross-spawn: 7.0.3
      dotenv: 16.4.5
      dotenv-expand: 10.0.0
      minimist: 1.2.8
    dev: true

  /dotenv-expand@10.0.0:
    resolution: {integrity: sha512-GopVGCpVS1UKH75VKHGuQFqS1Gusej0z4FyQkPdwjil2gNIv+LNsqBlboOzpJFZKVT95GkCyWJbBSdFEFUWI2A==}
    engines: {node: '>=12'}
    dev: true

  /dotenv@16.4.5:
    resolution: {integrity: sha512-ZmdL2rui+eB2YwhsWzjInR8LldtZHGDoQ1ugH85ppHKwpUHL7j7rN0Ti9NCnGiQbhaZ11FpR+7ao1dNsmduNUg==}
    engines: {node: '>=12'}
    dev: true

  /effect@3.1.1:
    resolution: {integrity: sha512-9qcLfQTeg+4lzVPIE23ix00EPdegqd1Gt8L3YxO+89HwJvk6x431wVCz/hWe37jJqmvuaqchteyZ1Z0kPbGN5Q==}
    dev: false

  /fast-check@3.18.0:
    resolution: {integrity: sha512-/951xaT0kA40w0GXRsZXEwSTE7LugjZtSA/8vPgFkiPQ8wNp8tRvqWuNDHBgLxJYXtsK11e/7Q4ObkKW5BdTFQ==}
    engines: {node: '>=8.0.0'}
    dependencies:
      pure-rand: 6.1.0
    dev: false

  /fast-decode-uri-component@1.0.1:
    resolution: {integrity: sha512-WKgKWg5eUxvRZGwW8FvfbaH7AXSh2cL+3j5fMGzUMCxWBJ3dV3a7Wz8y2f/uQ0e3B6WmodD3oS54jTQ9HVTIIg==}
    dev: false

  /fast-querystring@1.1.2:
    resolution: {integrity: sha512-g6KuKWmFXc0fID8WWH0jit4g0AGBoJhCkJMb1RmbsSEUNvQ+ZC8D6CUZ+GtF8nMzSPXnhiePyyqqipzNNEnHjg==}
    dependencies:
      fast-decode-uri-component: 1.0.1
    dev: false

  /fill-range@7.0.1:
    resolution: {integrity: sha512-qOo9F+dMUmC2Lcb4BbVvnKJxTPjCm+RRpe4gDuGrzkL7mEVl/djYSu2OdQ2Pa302N4oqkSg9ir6jaLWJ2USVpQ==}
    engines: {node: '>=8'}
    dependencies:
      to-regex-range: 5.0.1
    dev: false

  /find-my-way-ts@0.1.2:
    resolution: {integrity: sha512-AWsH49RGcyayzzxSAkwQKC1bToY5ForAfNreix88slo7wijg1wwTtCPvUUoVm/qhIY3UVSHBKApw8mOGPxsvSg==}
    dependencies:
      fast-querystring: 1.1.2
    dev: false

  /is-extglob@2.1.1:
    resolution: {integrity: sha512-SbKbANkN603Vi4jEZv49LeVJMn4yGwsbzZworEoyEiutsN3nJYdbO36zfhGJ6QEDpOZIFkDtnq5JRxmvl3jsoQ==}
    engines: {node: '>=0.10.0'}
    dev: false

  /is-glob@4.0.3:
    resolution: {integrity: sha512-xelSayHH36ZgE7ZWhli7pW34hNbNl8Ojv5KVmkJD4hBdD3th8Tfk9vYasLM+mXWOZhFkgZfxhLSnrwRr4elSSg==}
    engines: {node: '>=0.10.0'}
    dependencies:
      is-extglob: 2.1.1
    dev: false

  /is-number@7.0.0:
    resolution: {integrity: sha512-41Cifkg6e8TylSpdtTpeLVMqvSBEVzTttHvERD741+pnZ8ANv0004MRL43QKPDlK9cGvNp6NZWZUBlbGXYxxng==}
    engines: {node: '>=0.12.0'}
    dev: false

  /isexe@2.0.0:
    resolution: {integrity: sha512-RHxMLp9lnKHGHRng9QFhRCMbYAcVpn69smSGcq3f36xjgVVWThj4qqLbTLlq7Ssj8B+fIQ1EuCEGI2lKsyQeIw==}
    dev: true

  /isows@1.0.3(ws@8.13.0):
    resolution: {integrity: sha512-2cKei4vlmg2cxEjm3wVSqn8pcoRF/LX/wpifuuNquFO4SQmPwarClT+SUCA2lt+l581tTeZIPIZuIDo2jWN1fg==}
    peerDependencies:
      ws: '*'
    dependencies:
      ws: 8.13.0
    dev: false

  /isows@1.0.4(ws@8.13.0):
    resolution: {integrity: sha512-hEzjY+x9u9hPmBom9IIAqdJCwNLax+xrPb51vEPpERoFlIxgmZcHzsT5jKG06nvInKOBGvReAVz80Umed5CczQ==}
    peerDependencies:
      ws: '*'
    dependencies:
      ws: 8.13.0
    dev: false

  /micromatch@4.0.5:
    resolution: {integrity: sha512-DMy+ERcEW2q8Z2Po+WNXuw3c5YaUSFjAO5GsJqfEl7UjvtIuFKO6ZrKvcItdy98dwFI2N1tg3zNIdKaQT+aNdA==}
    engines: {node: '>=8.6'}
    dependencies:
      braces: 3.0.2
      picomatch: 2.3.1
    dev: false

  /mime@3.0.0:
    resolution: {integrity: sha512-jSCU7/VB1loIWBZe14aEYHU/+1UMEHoaO7qxCOVJOw9GgH72VAWppxNcjU+x9a2k3GSIBXNKxXQFqRvvZ7vr3A==}
    engines: {node: '>=10.0.0'}
    hasBin: true
    dev: false

  /minimist@1.2.8:
    resolution: {integrity: sha512-2yyAR8qBkN3YuheJanUpWC5U3bb5osDywNB8RzDVlDwDHbocAJveqqj1u8+SVD7jkWT4yvsHCpWqqWqAxb0zCA==}
    dev: true

  /multipasta@0.2.1:
    resolution: {integrity: sha512-0NR15o5iewJFMsZ4jN6cztCd4izTLZPyHUfBrakbg/x70B8zplPE6qumbs+A7LmhGtQMzpN/K8MOOdifMgAKFA==}
    dev: false

  /node-addon-api@7.1.0:
    resolution: {integrity: sha512-mNcltoe1R8o7STTegSOHdnJNN7s5EUvhoS7ShnTHDyOSd+8H+UdWODq6qSv67PjC8Zc5JRT8+oLAMCr0SIXw7g==}
    engines: {node: ^16 || ^18 || >= 20}
    dev: false

  /path-browserify@1.0.1:
    resolution: {integrity: sha512-b7uo2UCUOYZcnF/3ID0lulOJi/bafxa1xPe7ZPsammBSpjSWQkjNxlt635YGS2MiR9GjvuXCtz2emr3jbsz98g==}
    dev: false

  /path-key@3.1.1:
    resolution: {integrity: sha512-ojmeN0qd+y0jszEtoY48r0Peq5dwMEkIlCOu6Q5f41lfkswXuKtYrhgoTpLnyIcHm24Uhqx+5Tqm2InSwLhE6Q==}
    engines: {node: '>=8'}
    dev: true

  /picomatch@2.3.1:
    resolution: {integrity: sha512-JU3teHTNjmE2VCGFzuY8EXzCDVwEqB2a8fsIvwaStHhAWJEeVd1o1QD80CU6+ZdEXXSLbSsuLwJjkCBWqRQUVA==}
    engines: {node: '>=8.6'}
    dev: false

  /pure-rand@6.1.0:
    resolution: {integrity: sha512-bVWawvoZoBYpp6yIoQtQXHZjmz35RSVHnUOTefl8Vcjr8snTPY1wnpSPMWekcFwbxI6gtmT7rSYPFvz71ldiOA==}
    dev: false

  /shebang-command@2.0.0:
    resolution: {integrity: sha512-kHxr2zZpYtdmrN1qDjrrX/Z1rR1kG8Dx+gkpK1G4eXmvXswmcE1hTWBWYUzlraYw1/yZp6YuDY77YtvbN0dmDA==}
    engines: {node: '>=8'}
    dependencies:
      shebang-regex: 3.0.0
    dev: true

  /shebang-regex@3.0.0:
    resolution: {integrity: sha512-7++dFhtcx3353uBaq8DDR4NuxBetBzC7ZQOhmTQInHEd6bSrXdiEyzCvG07Z44UYdLShWUyXt5M/yhz8ekcb1A==}
    engines: {node: '>=8'}
    dev: true

  /to-regex-range@5.0.1:
    resolution: {integrity: sha512-65P7iz6X5yEr1cwcgvQxbbIw7Uk3gOy5dIdtZ4rDveLqhrdJP+Li/Hx6tyK0NEb+2GCyneCMJiGqrADCSNk8sQ==}
    engines: {node: '>=8.0'}
    dependencies:
      is-number: 7.0.0
    dev: false

  /typescript@5.4.5:
    resolution: {integrity: sha512-vcI4UpRgg81oIRUFwR0WSIHKt11nJ7SAVlYNIu+QpqeyXP+gpQJy/Z4+F0aGxSE4MqwjyXvW/TzgkLAx2AGHwQ==}
    engines: {node: '>=14.17'}
    hasBin: true

  /undici-types@5.26.5:
    resolution: {integrity: sha512-JlCMO+ehdEIKqlFxk6IfVoAUVmgz7cU7zD/h9XZ0qzeosSHmUJVOzSQvvYSYWXkFXC+IfLKSIffhv0sVZup6pA==}
    dev: false

  /undici@6.15.0:
    resolution: {integrity: sha512-VviMt2tlMg1BvQ0FKXxrz1eJuyrcISrL2sPfBf7ZskX/FCEc/7LeThQaoygsMJpNqrATWQIsRVx+1Dpe4jaYuQ==}
    engines: {node: '>=18.17'}
    dev: false

  /viem@2.9.29(typescript@5.4.5):
    resolution: {integrity: sha512-LWvDSyB2tftKuSMAyZTXk3pDYj3c0aaOdr2JbDZEsPJw5zVbqg3FpoPHnUkHai8KcZI8aPWRKV31TYV1cBse9A==}
    peerDependencies:
      typescript: '>=5.0.4'
    peerDependenciesMeta:
      typescript:
        optional: true
    dependencies:
      '@adraffy/ens-normalize': 1.10.0
      '@noble/curves': 1.2.0
      '@noble/hashes': 1.3.2
      '@scure/bip32': 1.3.2
      '@scure/bip39': 1.2.1
      abitype: 1.0.0(typescript@5.4.5)
      isows: 1.0.3(ws@8.13.0)
      typescript: 5.4.5
      ws: 8.13.0
    transitivePeerDependencies:
      - bufferutil
      - utf-8-validate
      - zod
    dev: false

  /which@2.0.2:
    resolution: {integrity: sha512-BLI3Tl1TW3Pvl70l3yq3Y64i+awpwXqsGBYWkkqMtnbXgrMD+yj7rhW0kuEDxzJaYXGjEW5ogapKNMEKNMjibA==}
    engines: {node: '>= 8'}
    hasBin: true
    dependencies:
      isexe: 2.0.0
    dev: true

  /ws@8.13.0:
    resolution: {integrity: sha512-x9vcZYTrFPC7aSIbj7sRCYo7L/Xb8Iy+pW0ng0wt2vCJv7M9HOMy0UoN3rr+IFC7hb7vXoqS+P9ktyLLLhO+LA==}
    engines: {node: '>=10.0.0'}
    peerDependencies:
      bufferutil: ^4.0.1
      utf-8-validate: '>=5.0.2'
    peerDependenciesMeta:
      bufferutil:
        optional: true
      utf-8-validate:
        optional: true
    dev: false

  /ws@8.17.0:
    resolution: {integrity: sha512-uJq6108EgZMAl20KagGkzCKfMEjxmKvZHG7Tlq0Z6nOky7YF7aq4mOx6xK8TJ/i1LeK4Qus7INktacctDgY8Ow==}
    engines: {node: '>=10.0.0'}
    peerDependencies:
      bufferutil: ^4.0.1
      utf-8-validate: '>=5.0.2'
    peerDependenciesMeta:
      bufferutil:
        optional: true
      utf-8-validate:
        optional: true
    dev: false
